// !$*UTF8*$!
{
	archiveVersion = 1;
	classes = {
	};
	objectVersion = 50;
	objects = {

/* Begin PBXBuildFile section */
		C64C7D6A268A8B35003C0338 /* AddLocationViewController.swift in Sources */ = {isa = PBXBuildFile; fileRef = C64C7D69268A8B35003C0338 /* AddLocationViewController.swift */; };
		C64C7D6C268AEA5B003C0338 /* UIViewController+Extension.swift in Sources */ = {isa = PBXBuildFile; fileRef = C64C7D6B268AEA5B003C0338 /* UIViewController+Extension.swift */; };
		C64C7D6E268B0589003C0338 /* StudentLocationRequest.swift in Sources */ = {isa = PBXBuildFile; fileRef = C64C7D6D268B0589003C0338 /* StudentLocationRequest.swift */; };
		C64C7D70268B0D80003C0338 /* AddStudentLocationResponse.swift in Sources */ = {isa = PBXBuildFile; fileRef = C64C7D6F268B0D80003C0338 /* AddStudentLocationResponse.swift */; };
		C64C7D72268B0F91003C0338 /* Auth.swift in Sources */ = {isa = PBXBuildFile; fileRef = C64C7D71268B0F91003C0338 /* Auth.swift */; };
		C64C7D74268B12DC003C0338 /* UserProfileResponse.swift in Sources */ = {isa = PBXBuildFile; fileRef = C64C7D73268B12DC003C0338 /* UserProfileResponse.swift */; };
		C6A3A4832687DD1C00834774 /* AppDelegate.swift in Sources */ = {isa = PBXBuildFile; fileRef = C6A3A4822687DD1C00834774 /* AppDelegate.swift */; };
		C6A3A4852687DD1C00834774 /* SceneDelegate.swift in Sources */ = {isa = PBXBuildFile; fileRef = C6A3A4842687DD1C00834774 /* SceneDelegate.swift */; };
		C6A3A4872687DD1C00834774 /* LoginViewController.swift in Sources */ = {isa = PBXBuildFile; fileRef = C6A3A4862687DD1C00834774 /* LoginViewController.swift */; };
		C6A3A48A2687DD1C00834774 /* Main.storyboard in Resources */ = {isa = PBXBuildFile; fileRef = C6A3A4882687DD1C00834774 /* Main.storyboard */; };
		C6A3A48C2687DD1C00834774 /* Assets.xcassets in Resources */ = {isa = PBXBuildFile; fileRef = C6A3A48B2687DD1C00834774 /* Assets.xcassets */; };
		C6A3A48F2687DD1C00834774 /* LaunchScreen.storyboard in Resources */ = {isa = PBXBuildFile; fileRef = C6A3A48D2687DD1C00834774 /* LaunchScreen.storyboard */; };
		C6D22047268BC4EE00CE481D /* MapAddLocationViewController.swift in Sources */ = {isa = PBXBuildFile; fileRef = C6D22046268BC4EE00CE481D /* MapAddLocationViewController.swift */; };
		C6D22049268BCFE200CE481D /* UpdateStudentLocationResponse.swift in Sources */ = {isa = PBXBuildFile; fileRef = C6D22048268BCFE200CE481D /* UpdateStudentLocationResponse.swift */; };
		C6D2204B268BE57B00CE481D /* RectangkeButton.swift in Sources */ = {isa = PBXBuildFile; fileRef = C6D2204A268BE57B00CE481D /* RectangkeButton.swift */; };
		C6D4DAC52689456500BCE1AC /* ApiClient.swift in Sources */ = {isa = PBXBuildFile; fileRef = C6D4DAC42689456400BCE1AC /* ApiClient.swift */; };
		C6D4DAC72689460000BCE1AC /* EndPoint.swift in Sources */ = {isa = PBXBuildFile; fileRef = C6D4DAC62689460000BCE1AC /* EndPoint.swift */; };
		C6D4DACB2689486000BCE1AC /* LoginRequest.swift in Sources */ = {isa = PBXBuildFile; fileRef = C6D4DACA2689486000BCE1AC /* LoginRequest.swift */; };
		C6D4DACD26894A0000BCE1AC /* LoginRequestItem.swift in Sources */ = {isa = PBXBuildFile; fileRef = C6D4DACC26894A0000BCE1AC /* LoginRequestItem.swift */; };
		C6D4DAD026894A7200BCE1AC /* ErrorResponse.swift in Sources */ = {isa = PBXBuildFile; fileRef = C6D4DACF26894A7200BCE1AC /* ErrorResponse.swift */; };
		C6D4DAD226894AAE00BCE1AC /* LoginResponse.swift in Sources */ = {isa = PBXBuildFile; fileRef = C6D4DAD126894AAE00BCE1AC /* LoginResponse.swift */; };
		C6D4DAD426894AC200BCE1AC /* AccountResponse.swift in Sources */ = {isa = PBXBuildFile; fileRef = C6D4DAD326894AC200BCE1AC /* AccountResponse.swift */; };
		C6D4DAD626894AE800BCE1AC /* SessionResponse.swift in Sources */ = {isa = PBXBuildFile; fileRef = C6D4DAD526894AE800BCE1AC /* SessionResponse.swift */; };
		C6D4DADB26896BA700BCE1AC /* StudentLocationResponse.swift in Sources */ = {isa = PBXBuildFile; fileRef = C6D4DADA26896BA700BCE1AC /* StudentLocationResponse.swift */; };
		C6D4DADD26896C5000BCE1AC /* StudentLocationItemResponse.swift in Sources */ = {isa = PBXBuildFile; fileRef = C6D4DADC26896C5000BCE1AC /* StudentLocationItemResponse.swift */; };
		C6D4DADF26896E0A00BCE1AC /* StudentLocationViewController.swift in Sources */ = {isa = PBXBuildFile; fileRef = C6D4DADE26896E0A00BCE1AC /* StudentLocationViewController.swift */; };
		C6D4DAE126896E3000BCE1AC /* DataModel.swift in Sources */ = {isa = PBXBuildFile; fileRef = C6D4DAE026896E3000BCE1AC /* DataModel.swift */; };
		C6D4DAE32689739400BCE1AC /* MapViewController.swift in Sources */ = {isa = PBXBuildFile; fileRef = C6D4DAE22689739400BCE1AC /* MapViewController.swift */; };
		C6D4DAE52689804900BCE1AC /* StudentTableViewCell.swift in Sources */ = {isa = PBXBuildFile; fileRef = C6D4DAE42689804900BCE1AC /* StudentTableViewCell.swift */; };
		C6D4DAEC2689A15A00BCE1AC /* DashboardViewController.swift in Sources */ = {isa = PBXBuildFile; fileRef = C6D4DAEB2689A15A00BCE1AC /* DashboardViewController.swift */; };
/* End PBXBuildFile section */

/* Begin PBXFileReference section */
		C64C7D69268A8B35003C0338 /* AddLocationViewController.swift */ = {isa = PBXFileReference; lastKnownFileType = sourcecode.swift; path = AddLocationViewController.swift; sourceTree = "<group>"; };
		C64C7D6B268AEA5B003C0338 /* UIViewController+Extension.swift */ = {isa = PBXFileReference; lastKnownFileType = sourcecode.swift; path = "UIViewController+Extension.swift"; sourceTree = "<group>"; };
		C64C7D6D268B0589003C0338 /* StudentLocationRequest.swift */ = {isa = PBXFileReference; lastKnownFileType = sourcecode.swift; path = StudentLocationRequest.swift; sourceTree = "<group>"; };
		C64C7D6F268B0D80003C0338 /* AddStudentLocationResponse.swift */ = {isa = PBXFileReference; lastKnownFileType = sourcecode.swift; path = AddStudentLocationResponse.swift; sourceTree = "<group>"; };
		C64C7D71268B0F91003C0338 /* Auth.swift */ = {isa = PBXFileReference; lastKnownFileType = sourcecode.swift; path = Auth.swift; sourceTree = "<group>"; };
		C64C7D73268B12DC003C0338 /* UserProfileResponse.swift */ = {isa = PBXFileReference; lastKnownFileType = sourcecode.swift; path = UserProfileResponse.swift; sourceTree = "<group>"; };
		C6A3A47F2687DD1C00834774 /* OnTheMap.app */ = {isa = PBXFileReference; explicitFileType = wrapper.application; includeInIndex = 0; path = OnTheMap.app; sourceTree = BUILT_PRODUCTS_DIR; };
		C6A3A4822687DD1C00834774 /* AppDelegate.swift */ = {isa = PBXFileReference; lastKnownFileType = sourcecode.swift; path = AppDelegate.swift; sourceTree = "<group>"; };
		C6A3A4842687DD1C00834774 /* SceneDelegate.swift */ = {isa = PBXFileReference; lastKnownFileType = sourcecode.swift; path = SceneDelegate.swift; sourceTree = "<group>"; };
		C6A3A4862687DD1C00834774 /* LoginViewController.swift */ = {isa = PBXFileReference; lastKnownFileType = sourcecode.swift; path = LoginViewController.swift; sourceTree = "<group>"; };
		C6A3A4892687DD1C00834774 /* Base */ = {isa = PBXFileReference; lastKnownFileType = file.storyboard; name = Base; path = Base.lproj/Main.storyboard; sourceTree = "<group>"; };
		C6A3A48B2687DD1C00834774 /* Assets.xcassets */ = {isa = PBXFileReference; lastKnownFileType = folder.assetcatalog; path = Assets.xcassets; sourceTree = "<group>"; };
		C6A3A48E2687DD1C00834774 /* Base */ = {isa = PBXFileReference; lastKnownFileType = file.storyboard; name = Base; path = Base.lproj/LaunchScreen.storyboard; sourceTree = "<group>"; };
		C6A3A4902687DD1C00834774 /* Info.plist */ = {isa = PBXFileReference; lastKnownFileType = text.plist.xml; path = Info.plist; sourceTree = "<group>"; };
		C6D22046268BC4EE00CE481D /* MapAddLocationViewController.swift */ = {isa = PBXFileReference; lastKnownFileType = sourcecode.swift; path = MapAddLocationViewController.swift; sourceTree = "<group>"; };
		C6D22048268BCFE200CE481D /* UpdateStudentLocationResponse.swift */ = {isa = PBXFileReference; lastKnownFileType = sourcecode.swift; path = UpdateStudentLocationResponse.swift; sourceTree = "<group>"; };
		C6D2204A268BE57B00CE481D /* RectangkeButton.swift */ = {isa = PBXFileReference; lastKnownFileType = sourcecode.swift; path = RectangkeButton.swift; sourceTree = "<group>"; };
		C6D4DAC42689456400BCE1AC /* ApiClient.swift */ = {isa = PBXFileReference; lastKnownFileType = sourcecode.swift; path = ApiClient.swift; sourceTree = "<group>"; };
		C6D4DAC62689460000BCE1AC /* EndPoint.swift */ = {isa = PBXFileReference; lastKnownFileType = sourcecode.swift; path = EndPoint.swift; sourceTree = "<group>"; };
		C6D4DACA2689486000BCE1AC /* LoginRequest.swift */ = {isa = PBXFileReference; lastKnownFileType = sourcecode.swift; path = LoginRequest.swift; sourceTree = "<group>"; };
		C6D4DACC26894A0000BCE1AC /* LoginRequestItem.swift */ = {isa = PBXFileReference; lastKnownFileType = sourcecode.swift; path = LoginRequestItem.swift; sourceTree = "<group>"; };
		C6D4DACF26894A7200BCE1AC /* ErrorResponse.swift */ = {isa = PBXFileReference; lastKnownFileType = sourcecode.swift; path = ErrorResponse.swift; sourceTree = "<group>"; };
		C6D4DAD126894AAE00BCE1AC /* LoginResponse.swift */ = {isa = PBXFileReference; lastKnownFileType = sourcecode.swift; path = LoginResponse.swift; sourceTree = "<group>"; };
		C6D4DAD326894AC200BCE1AC /* AccountResponse.swift */ = {isa = PBXFileReference; lastKnownFileType = sourcecode.swift; path = AccountResponse.swift; sourceTree = "<group>"; };
		C6D4DAD526894AE800BCE1AC /* SessionResponse.swift */ = {isa = PBXFileReference; lastKnownFileType = sourcecode.swift; path = SessionResponse.swift; sourceTree = "<group>"; };
		C6D4DADA26896BA700BCE1AC /* StudentLocationResponse.swift */ = {isa = PBXFileReference; lastKnownFileType = sourcecode.swift; path = StudentLocationResponse.swift; sourceTree = "<group>"; };
		C6D4DADC26896C5000BCE1AC /* StudentLocationItemResponse.swift */ = {isa = PBXFileReference; lastKnownFileType = sourcecode.swift; path = StudentLocationItemResponse.swift; sourceTree = "<group>"; };
		C6D4DADE26896E0A00BCE1AC /* StudentLocationViewController.swift */ = {isa = PBXFileReference; lastKnownFileType = sourcecode.swift; path = StudentLocationViewController.swift; sourceTree = "<group>"; };
		C6D4DAE026896E3000BCE1AC /* DataModel.swift */ = {isa = PBXFileReference; lastKnownFileType = sourcecode.swift; path = DataModel.swift; sourceTree = "<group>"; };
		C6D4DAE22689739400BCE1AC /* MapViewController.swift */ = {isa = PBXFileReference; lastKnownFileType = sourcecode.swift; path = MapViewController.swift; sourceTree = "<group>"; };
		C6D4DAE42689804900BCE1AC /* StudentTableViewCell.swift */ = {isa = PBXFileReference; lastKnownFileType = sourcecode.swift; path = StudentTableViewCell.swift; sourceTree = "<group>"; };
		C6D4DAEB2689A15A00BCE1AC /* DashboardViewController.swift */ = {isa = PBXFileReference; lastKnownFileType = sourcecode.swift; path = DashboardViewController.swift; sourceTree = "<group>"; };
/* End PBXFileReference section */

/* Begin PBXFrameworksBuildPhase section */
		C6A3A47C2687DD1B00834774 /* Frameworks */ = {
			isa = PBXFrameworksBuildPhase;
			buildActionMask = 2147483647;
			files = (
			);
			runOnlyForDeploymentPostprocessing = 0;
		};
/* End PBXFrameworksBuildPhase section */

/* Begin PBXGroup section */
		C6A3A4762687DD1B00834774 = {
			isa = PBXGroup;
			children = (
				C6A3A4812687DD1C00834774 /* OnTheMap */,
				C6A3A4802687DD1C00834774 /* Products */,
			);
			sourceTree = "<group>";
		};
		C6A3A4802687DD1C00834774 /* Products */ = {
			isa = PBXGroup;
			children = (
				C6A3A47F2687DD1C00834774 /* OnTheMap.app */,
			);
			name = Products;
			sourceTree = "<group>";
		};
		C6A3A4812687DD1C00834774 /* OnTheMap */ = {
			isa = PBXGroup;
			children = (
				C6D4DAC22689453D00BCE1AC /* Data */,
				C6A3A4982687E0AF00834774 /* Controller */,
				C6A3A4972687E0A500834774 /* View */,
				C6A3A4962687E09C00834774 /* Model */,
				C6A3A4822687DD1C00834774 /* AppDelegate.swift */,
				C6A3A4842687DD1C00834774 /* SceneDelegate.swift */,
				C6A3A4902687DD1C00834774 /* Info.plist */,
			);
			path = OnTheMap;
			sourceTree = "<group>";
		};
		C6A3A4962687E09C00834774 /* Model */ = {
			isa = PBXGroup;
			children = (
				C6D4DAC92689485400BCE1AC /* Request */,
				C6D4DACE26894A5B00BCE1AC /* Response */,
			);
			path = Model;
			sourceTree = "<group>";
		};
		C6A3A4972687E0A500834774 /* View */ = {
			isa = PBXGroup;
			children = (
				C6A3A4882687DD1C00834774 /* Main.storyboard */,
				C6A3A48B2687DD1C00834774 /* Assets.xcassets */,
				C6A3A48D2687DD1C00834774 /* LaunchScreen.storyboard */,
				C6D4DAE42689804900BCE1AC /* StudentTableViewCell.swift */,
				C6D2204A268BE57B00CE481D /* RectangkeButton.swift */,
			);
			path = View;
			sourceTree = "<group>";
		};
		C6A3A4982687E0AF00834774 /* Controller */ = {
			isa = PBXGroup;
			children = (
				C6A3A4862687DD1C00834774 /* LoginViewController.swift */,
				C6D4DADE26896E0A00BCE1AC /* StudentLocationViewController.swift */,
				C6D4DAE22689739400BCE1AC /* MapViewController.swift */,
				C6D4DAEB2689A15A00BCE1AC /* DashboardViewController.swift */,
				C64C7D69268A8B35003C0338 /* AddLocationViewController.swift */,
				C64C7D6B268AEA5B003C0338 /* UIViewController+Extension.swift */,
				C6D22046268BC4EE00CE481D /* MapAddLocationViewController.swift */,
			);
			path = Controller;
			sourceTree = "<group>";
		};
		C6D4DAC22689453D00BCE1AC /* Data */ = {
			isa = PBXGroup;
			children = (
				C6D4DAC32689454E00BCE1AC /* Api */,
				C6D4DAE026896E3000BCE1AC /* DataModel.swift */,
			);
			path = Data;
			sourceTree = "<group>";
		};
		C6D4DAC32689454E00BCE1AC /* Api */ = {
			isa = PBXGroup;
			children = (
				C6D4DAC42689456400BCE1AC /* ApiClient.swift */,
				C6D4DAC62689460000BCE1AC /* EndPoint.swift */,
				C64C7D71268B0F91003C0338 /* Auth.swift */,
			);
			path = Api;
			sourceTree = "<group>";
		};
		C6D4DAC92689485400BCE1AC /* Request */ = {
			isa = PBXGroup;
			children = (
				C6D4DACA2689486000BCE1AC /* LoginRequest.swift */,
				C6D4DACC26894A0000BCE1AC /* LoginRequestItem.swift */,
				C64C7D6D268B0589003C0338 /* StudentLocationRequest.swift */,
			);
			path = Request;
			sourceTree = "<group>";
		};
		C6D4DACE26894A5B00BCE1AC /* Response */ = {
			isa = PBXGroup;
			children = (
				C6D4DACF26894A7200BCE1AC /* ErrorResponse.swift */,
				C6D4DAD126894AAE00BCE1AC /* LoginResponse.swift */,
				C6D4DAD326894AC200BCE1AC /* AccountResponse.swift */,
				C6D4DAD526894AE800BCE1AC /* SessionResponse.swift */,
				C6D4DADA26896BA700BCE1AC /* StudentLocationResponse.swift */,
				C6D4DADC26896C5000BCE1AC /* StudentLocationItemResponse.swift */,
				C64C7D6F268B0D80003C0338 /* AddStudentLocationResponse.swift */,
				C64C7D73268B12DC003C0338 /* UserProfileResponse.swift */,
				C6D22048268BCFE200CE481D /* UpdateStudentLocationResponse.swift */,
			);
			path = Response;
			sourceTree = "<group>";
		};
/* End PBXGroup section */

/* Begin PBXNativeTarget section */
		C6A3A47E2687DD1B00834774 /* OnTheMap */ = {
			isa = PBXNativeTarget;
			buildConfigurationList = C6A3A4932687DD1C00834774 /* Build configuration list for PBXNativeTarget "OnTheMap" */;
			buildPhases = (
				C6A3A47B2687DD1B00834774 /* Sources */,
				C6A3A47C2687DD1B00834774 /* Frameworks */,
				C6A3A47D2687DD1B00834774 /* Resources */,
			);
			buildRules = (
			);
			dependencies = (
			);
			name = OnTheMap;
			productName = OnTheMap;
			productReference = C6A3A47F2687DD1C00834774 /* OnTheMap.app */;
			productType = "com.apple.product-type.application";
		};
/* End PBXNativeTarget section */

/* Begin PBXProject section */
		C6A3A4772687DD1B00834774 /* Project object */ = {
			isa = PBXProject;
			attributes = {
				LastSwiftUpdateCheck = 1250;
				LastUpgradeCheck = 1250;
				TargetAttributes = {
					C6A3A47E2687DD1B00834774 = {
						CreatedOnToolsVersion = 12.5.1;
					};
				};
			};
			buildConfigurationList = C6A3A47A2687DD1B00834774 /* Build configuration list for PBXProject "OnTheMap" */;
			compatibilityVersion = "Xcode 9.3";
			developmentRegion = en;
			hasScannedForEncodings = 0;
			knownRegions = (
				en,
				Base,
			);
			mainGroup = C6A3A4762687DD1B00834774;
			productRefGroup = C6A3A4802687DD1C00834774 /* Products */;
			projectDirPath = "";
			projectRoot = "";
			targets = (
				C6A3A47E2687DD1B00834774 /* OnTheMap */,
			);
		};
/* End PBXProject section */

/* Begin PBXResourcesBuildPhase section */
		C6A3A47D2687DD1B00834774 /* Resources */ = {
			isa = PBXResourcesBuildPhase;
			buildActionMask = 2147483647;
			files = (
				C6A3A48F2687DD1C00834774 /* LaunchScreen.storyboard in Resources */,
				C6A3A48C2687DD1C00834774 /* Assets.xcassets in Resources */,
				C6A3A48A2687DD1C00834774 /* Main.storyboard in Resources */,
			);
			runOnlyForDeploymentPostprocessing = 0;
		};
/* End PBXResourcesBuildPhase section */

/* Begin PBXSourcesBuildPhase section */
		C6A3A47B2687DD1B00834774 /* Sources */ = {
			isa = PBXSourcesBuildPhase;
			buildActionMask = 2147483647;
			files = (
				C6D22049268BCFE200CE481D /* UpdateStudentLocationResponse.swift in Sources */,
				C6D4DAD626894AE800BCE1AC /* SessionResponse.swift in Sources */,
				C6D4DADD26896C5000BCE1AC /* StudentLocationItemResponse.swift in Sources */,
				C6A3A4872687DD1C00834774 /* LoginViewController.swift in Sources */,
				C64C7D74268B12DC003C0338 /* UserProfileResponse.swift in Sources */,
				C6D4DADF26896E0A00BCE1AC /* StudentLocationViewController.swift in Sources */,
				C6D2204B268BE57B00CE481D /* RectangkeButton.swift in Sources */,
				C6D4DACB2689486000BCE1AC /* LoginRequest.swift in Sources */,
				C6D4DAE126896E3000BCE1AC /* DataModel.swift in Sources */,
				C6D4DAD426894AC200BCE1AC /* AccountResponse.swift in Sources */,
				C6D4DAEC2689A15A00BCE1AC /* DashboardViewController.swift in Sources */,
				C6D4DAD226894AAE00BCE1AC /* LoginResponse.swift in Sources */,
				C64C7D6E268B0589003C0338 /* StudentLocationRequest.swift in Sources */,
				C64C7D6A268A8B35003C0338 /* AddLocationViewController.swift in Sources */,
				C6A3A4832687DD1C00834774 /* AppDelegate.swift in Sources */,
				C64C7D6C268AEA5B003C0338 /* UIViewController+Extension.swift in Sources */,
				C64C7D72268B0F91003C0338 /* Auth.swift in Sources */,
				C6D22047268BC4EE00CE481D /* MapAddLocationViewController.swift in Sources */,
				C6A3A4852687DD1C00834774 /* SceneDelegate.swift in Sources */,
				C6D4DADB26896BA700BCE1AC /* StudentLocationResponse.swift in Sources */,
				C6D4DAC52689456500BCE1AC /* ApiClient.swift in Sources */,
				C64C7D70268B0D80003C0338 /* AddStudentLocationResponse.swift in Sources */,
				C6D4DAC72689460000BCE1AC /* EndPoint.swift in Sources */,
				C6D4DACD26894A0000BCE1AC /* LoginRequestItem.swift in Sources */,
				C6D4DAE52689804900BCE1AC /* StudentTableViewCell.swift in Sources */,
				C6D4DAD026894A7200BCE1AC /* ErrorResponse.swift in Sources */,
				C6D4DAE32689739400BCE1AC /* MapViewController.swift in Sources */,
			);
			runOnlyForDeploymentPostprocessing = 0;
		};
/* End PBXSourcesBuildPhase section */

/* Begin PBXVariantGroup section */
		C6A3A4882687DD1C00834774 /* Main.storyboard */ = {
			isa = PBXVariantGroup;
			children = (
				C6A3A4892687DD1C00834774 /* Base */,
			);
			name = Main.storyboard;
			sourceTree = "<group>";
		};
		C6A3A48D2687DD1C00834774 /* LaunchScreen.storyboard */ = {
			isa = PBXVariantGroup;
			children = (
				C6A3A48E2687DD1C00834774 /* Base */,
			);
			name = LaunchScreen.storyboard;
			sourceTree = "<group>";
		};
/* End PBXVariantGroup section */

/* Begin XCBuildConfiguration section */
		C6A3A4912687DD1C00834774 /* Debug */ = {
			isa = XCBuildConfiguration;
			buildSettings = {
				ALWAYS_SEARCH_USER_PATHS = NO;
				CLANG_ANALYZER_NONNULL = YES;
				CLANG_ANALYZER_NUMBER_OBJECT_CONVERSION = YES_AGGRESSIVE;
				CLANG_CXX_LANGUAGE_STANDARD = "gnu++14";
				CLANG_CXX_LIBRARY = "libc++";
				CLANG_ENABLE_MODULES = YES;
				CLANG_ENABLE_OBJC_ARC = YES;
				CLANG_ENABLE_OBJC_WEAK = YES;
				CLANG_WARN_BLOCK_CAPTURE_AUTORELEASING = YES;
				CLANG_WARN_BOOL_CONVERSION = YES;
				CLANG_WARN_COMMA = YES;
				CLANG_WARN_CONSTANT_CONVERSION = YES;
				CLANG_WARN_DEPRECATED_OBJC_IMPLEMENTATIONS = YES;
				CLANG_WARN_DIRECT_OBJC_ISA_USAGE = YES_ERROR;
				CLANG_WARN_DOCUMENTATION_COMMENTS = YES;
				CLANG_WARN_EMPTY_BODY = YES;
				CLANG_WARN_ENUM_CONVERSION = YES;
				CLANG_WARN_INFINITE_RECURSION = YES;
				CLANG_WARN_INT_CONVERSION = YES;
				CLANG_WARN_NON_LITERAL_NULL_CONVERSION = YES;
				CLANG_WARN_OBJC_IMPLICIT_RETAIN_SELF = YES;
				CLANG_WARN_OBJC_LITERAL_CONVERSION = YES;
				CLANG_WARN_OBJC_ROOT_CLASS = YES_ERROR;
				CLANG_WARN_QUOTED_INCLUDE_IN_FRAMEWORK_HEADER = YES;
				CLANG_WARN_RANGE_LOOP_ANALYSIS = YES;
				CLANG_WARN_STRICT_PROTOTYPES = YES;
				CLANG_WARN_SUSPICIOUS_MOVE = YES;
				CLANG_WARN_UNGUARDED_AVAILABILITY = YES_AGGRESSIVE;
				CLANG_WARN_UNREACHABLE_CODE = YES;
				CLANG_WARN__DUPLICATE_METHOD_MATCH = YES;
				COPY_PHASE_STRIP = NO;
				DEBUG_INFORMATION_FORMAT = dwarf;
				ENABLE_STRICT_OBJC_MSGSEND = YES;
				ENABLE_TESTABILITY = YES;
				GCC_C_LANGUAGE_STANDARD = gnu11;
				GCC_DYNAMIC_NO_PIC = NO;
				GCC_NO_COMMON_BLOCKS = YES;
				GCC_OPTIMIZATION_LEVEL = 0;
				GCC_PREPROCESSOR_DEFINITIONS = (
					"DEBUG=1",
					"$(inherited)",
				);
				GCC_WARN_64_TO_32_BIT_CONVERSION = YES;
				GCC_WARN_ABOUT_RETURN_TYPE = YES_ERROR;
				GCC_WARN_UNDECLARED_SELECTOR = YES;
				GCC_WARN_UNINITIALIZED_AUTOS = YES_AGGRESSIVE;
				GCC_WARN_UNUSED_FUNCTION = YES;
				GCC_WARN_UNUSED_VARIABLE = YES;
				IPHONEOS_DEPLOYMENT_TARGET = 14.5;
				MTL_ENABLE_DEBUG_INFO = INCLUDE_SOURCE;
				MTL_FAST_MATH = YES;
				ONLY_ACTIVE_ARCH = YES;
				SDKROOT = iphoneos;
				SWIFT_ACTIVE_COMPILATION_CONDITIONS = DEBUG;
				SWIFT_OPTIMIZATION_LEVEL = "-Onone";
			};
			name = Debug;
		};
		C6A3A4922687DD1C00834774 /* Release */ = {
			isa = XCBuildConfiguration;
			buildSettings = {
				ALWAYS_SEARCH_USER_PATHS = NO;
				CLANG_ANALYZER_NONNULL = YES;
				CLANG_ANALYZER_NUMBER_OBJECT_CONVERSION = YES_AGGRESSIVE;
				CLANG_CXX_LANGUAGE_STANDARD = "gnu++14";
				CLANG_CXX_LIBRARY = "libc++";
				CLANG_ENABLE_MODULES = YES;
				CLANG_ENABLE_OBJC_ARC = YES;
				CLANG_ENABLE_OBJC_WEAK = YES;
				CLANG_WARN_BLOCK_CAPTURE_AUTORELEASING = YES;
				CLANG_WARN_BOOL_CONVERSION = YES;
				CLANG_WARN_COMMA = YES;
				CLANG_WARN_CONSTANT_CONVERSION = YES;
				CLANG_WARN_DEPRECATED_OBJC_IMPLEMENTATIONS = YES;
				CLANG_WARN_DIRECT_OBJC_ISA_USAGE = YES_ERROR;
				CLANG_WARN_DOCUMENTATION_COMMENTS = YES;
				CLANG_WARN_EMPTY_BODY = YES;
				CLANG_WARN_ENUM_CONVERSION = YES;
				CLANG_WARN_INFINITE_RECURSION = YES;
				CLANG_WARN_INT_CONVERSION = YES;
				CLANG_WARN_NON_LITERAL_NULL_CONVERSION = YES;
				CLANG_WARN_OBJC_IMPLICIT_RETAIN_SELF = YES;
				CLANG_WARN_OBJC_LITERAL_CONVERSION = YES;
				CLANG_WARN_OBJC_ROOT_CLASS = YES_ERROR;
				CLANG_WARN_QUOTED_INCLUDE_IN_FRAMEWORK_HEADER = YES;
				CLANG_WARN_RANGE_LOOP_ANALYSIS = YES;
				CLANG_WARN_STRICT_PROTOTYPES = YES;
				CLANG_WARN_SUSPICIOUS_MOVE = YES;
				CLANG_WARN_UNGUARDED_AVAILABILITY = YES_AGGRESSIVE;
				CLANG_WARN_UNREACHABLE_CODE = YES;
				CLANG_WARN__DUPLICATE_METHOD_MATCH = YES;
				COPY_PHASE_STRIP = NO;
				DEBUG_INFORMATION_FORMAT = "dwarf-with-dsym";
				ENABLE_NS_ASSERTIONS = NO;
				ENABLE_STRICT_OBJC_MSGSEND = YES;
				GCC_C_LANGUAGE_STANDARD = gnu11;
				GCC_NO_COMMON_BLOCKS = YES;
				GCC_WARN_64_TO_32_BIT_CONVERSION = YES;
				GCC_WARN_ABOUT_RETURN_TYPE = YES_ERROR;
				GCC_WARN_UNDECLARED_SELECTOR = YES;
				GCC_WARN_UNINITIALIZED_AUTOS = YES_AGGRESSIVE;
				GCC_WARN_UNUSED_FUNCTION = YES;
				GCC_WARN_UNUSED_VARIABLE = YES;
				IPHONEOS_DEPLOYMENT_TARGET = 14.5;
				MTL_ENABLE_DEBUG_INFO = NO;
				MTL_FAST_MATH = YES;
				SDKROOT = iphoneos;
				SWIFT_COMPILATION_MODE = wholemodule;
				SWIFT_OPTIMIZATION_LEVEL = "-O";
				VALIDATE_PRODUCT = YES;
			};
			name = Release;
		};
		C6A3A4942687DD1C00834774 /* Debug */ = {
			isa = XCBuildConfiguration;
			buildSettings = {
				ASSETCATALOG_COMPILER_APPICON_NAME = AppIcon;
				ASSETCATALOG_COMPILER_GLOBAL_ACCENT_COLOR_NAME = AccentColor;
				CODE_SIGN_STYLE = Automatic;
				INFOPLIST_FILE = OnTheMap/Info.plist;
				LD_RUNPATH_SEARCH_PATHS = (
					"$(inherited)",
					"@executable_path/Frameworks",
				);
				PRODUCT_BUNDLE_IDENTIFIER = com.rba.OnTheMap;
				PRODUCT_NAME = "$(TARGET_NAME)";
				SWIFT_VERSION = 5.0;
				TARGETED_DEVICE_FAMILY = "1,2";
			};
			name = Debug;
		};
		C6A3A4952687DD1C00834774 /* Release */ = {
			isa = XCBuildConfiguration;
			buildSettings = {
				ASSETCATALOG_COMPILER_APPICON_NAME = AppIcon;
				ASSETCATALOG_COMPILER_GLOBAL_ACCENT_COLOR_NAME = AccentColor;
				CODE_SIGN_STYLE = Automatic;
				INFOPLIST_FILE = OnTheMap/Info.plist;
				LD_RUNPATH_SEARCH_PATHS = (
					"$(inherited)",
					"@executable_path/Frameworks",
				);
				PRODUCT_BUNDLE_IDENTIFIER = com.rba.OnTheMap;
				PRODUCT_NAME = "$(TARGET_NAME)";
				SWIFT_VERSION = 5.0;
				TARGETED_DEVICE_FAMILY = "1,2";
			};
			name = Release;
		};
/* End XCBuildConfiguration section */

/* Begin XCConfigurationList section */
		C6A3A47A2687DD1B00834774 /* Build configuration list for PBXProject "OnTheMap" */ = {
			isa = XCConfigurationList;
			buildConfigurations = (
				C6A3A4912687DD1C00834774 /* Debug */,
				C6A3A4922687DD1C00834774 /* Release */,
			);
			defaultConfigurationIsVisible = 0;
			defaultConfigurationName = Release;
		};
		C6A3A4932687DD1C00834774 /* Build configuration list for PBXNativeTarget "OnTheMap" */ = {
			isa = XCConfigurationList;
			buildConfigurations = (
				C6A3A4942687DD1C00834774 /* Debug */,
				C6A3A4952687DD1C00834774 /* Release */,
			);
			defaultConfigurationIsVisible = 0;
			defaultConfigurationName = Release;
		};
/* End XCConfigurationList section */
	};
	rootObject = C6A3A4772687DD1B00834774 /* Project object */;
}
